{
  "name": "javascript",
  "lockfileVersion": 3,
  "requires": true,
  "packages": {
    "": {
      "dependencies": {
        "@rick-29/binary-options-tools": "^0.0.1"
      }
    },
    "node_modules/@rick-29/binary-options-tools": {
      "version": "0.0.1",
      "resolved": "https://registry.npmjs.org/@rick-29/binary-options-tools/-/binary-options-tools-0.0.1.tgz",
      "integrity": "sha512-evwi/pS+9lE2QGjpe6nbixkWwCkoyeRt0ecQYCY8znzcUmLWQhFdo/rXPHzojI9i2w1UfKyI2acFJ+KnjSlUaQ==",
      "license": "MIT",
      "engines": {
        "node": ">= 10"
      },
      "optionalDependencies": {
        "@rick-29/binary-options-tools-android-arm-eabi": "0.0.1",
        "@rick-29/binary-options-tools-android-arm64": "0.0.1",
        "@rick-29/binary-options-tools-darwin-arm64": "0.0.1",
        "@rick-29/binary-options-tools-darwin-universal": "0.0.1",
        "@rick-29/binary-options-tools-darwin-x64": "0.0.1",
        "@rick-29/binary-options-tools-freebsd-x64": "0.0.1",
        "@rick-29/binary-options-tools-linux-arm-gnueabihf": "0.0.1",
        "@rick-29/binary-options-tools-linux-arm-musleabihf": "0.0.1",
        "@rick-29/binary-options-tools-linux-arm64-gnu": "0.0.1",
        "@rick-29/binary-options-tools-linux-arm64-musl": "0.0.1",
        "@rick-29/binary-options-tools-linux-riscv64-gnu": "0.0.1",
        "@rick-29/binary-options-tools-linux-x64-gnu": "0.0.1",
        "@rick-29/binary-options-tools-linux-x64-musl": "0.0.1",
        "@rick-29/binary-options-tools-win32-arm64-msvc": "0.0.1",
        "@rick-29/binary-options-tools-win32-ia32-msvc": "0.0.1",
        "@rick-29/binary-options-tools-win32-x64-msvc": "0.0.1"
      }
    }
  }
}
